
Microsoft Visual Studio Solution File, Format Version 12.00
# Visual Studio Version 17
VisualStudioVersion = 17.6.33723.286
MinimumVisualStudioVersion = 10.0.40219.1
Project("{888888A0-9F3D-457C-B088-3A5042F75D52}") = "plex_criticker", "plex_criticker.pyproj", "{8D136CB8-5320-4402-8B36-ECF0EF051FD9}"
EndProject
Global
	GlobalSection(SolutionConfigurationPlatforms) = preSolution
		Debug|Any CPU = Debug|Any CPU
		Release|Any CPU = Release|Any CPU
	EndGlobalSection
	GlobalSection(ProjectConfigurationPlatforms) = postSolution
		{8D136CB8-5320-4402-8B36-ECF0EF051FD9}.Debug|Any CPU.ActiveCfg = Debug|Any CPU
		{8D136CB8-5320-4402-8B36-ECF0EF051FD9}.Release|Any CPU.ActiveCfg = Release|Any CPU
	EndGlobalSection
	GlobalSection(SolutionProperties) = preSolution
		HideSolutionNode = FALSE
	EndGlobalSection
	GlobalSection(ExtensibilityGlobals) = postSolution
		SolutionGuid = {1DE9D6A6-3E47-426A-AA14-33E7AC6A0B14}
	EndGlobalSection
EndGlobal
